
Microsoft Visual Studio Solution File, Format Version 12.00
# Visual Studio 2013
VisualStudioVersion = 12.0.40629.0
MinimumVisualStudioVersion = 10.0.40219.1
Project("{FAE04EC0-301F-11D3-BF4B-00C04F79EFBC}") = "TestGitHubIntegration", "TestGitHubIntegration\TestGitHubIntegration.csproj", "{C637DE05-9388-43AD-9791-097E3A4427FD}"
EndProject
Global
	GlobalSection(SolutionConfigurationPlatforms) = preSolution
		Debug|Any CPU = Debug|Any CPU
		Release|Any CPU = Release|Any CPU
	EndGlobalSection
	GlobalSection(ProjectConfigurationPlatforms) = postSolution
		{C637DE05-9388-43AD-9791-097E3A4427FD}.Debug|Any CPU.ActiveCfg = Debug|Any CPU
		{C637DE05-9388-43AD-9791-097E3A4427FD}.Debug|Any CPU.Build.0 = Debug|Any CPU
		{C637DE05-9388-43AD-9791-097E3A4427FD}.Release|Any CPU.ActiveCfg = Release|Any CPU
		{C637DE05-9388-43AD-9791-097E3A4427FD}.Release|Any CPU.Build.0 = Release|Any CPU
	EndGlobalSection
	GlobalSection(SolutionProperties) = preSolution
		HideSolutionNode = FALSE
	EndGlobalSection
EndGlobal
